// !$*UTF8*$!
{
	archiveVersion = 1;
	classes = {
	};
	objectVersion = 46;
	objects = {

/* Begin PBXBuildFile section */
		6B58AE262A09590F2669D170 /* Pods_Lister.framework in Frameworks */ = {isa = PBXBuildFile; fileRef = 0E8D4A91626ECC1A04E10387 /* Pods_Lister.framework */; };
		E90796171E4D17CB00BD0C1D /* GoogleService-Info.plist in Resources */ = {isa = PBXBuildFile; fileRef = E90796161E4D17CB00BD0C1D /* GoogleService-Info.plist */; };
		E907A86B1E539297001D1689 /* Main.storyboard in Resources */ = {isa = PBXBuildFile; fileRef = E907A86A1E539297001D1689 /* Main.storyboard */; };
		E9198D311E5796A600818ACE /* Model.xcdatamodeld in Sources */ = {isa = PBXBuildFile; fileRef = E9198D2F1E5796A600818ACE /* Model.xcdatamodeld */; };
		E934EBC71E50E772007D6A9C /* FirebaseUserService.swift in Sources */ = {isa = PBXBuildFile; fileRef = E934EBC61E50E772007D6A9C /* FirebaseUserService.swift */; };
		E95384B91E2570370056FED3 /* LogOnVC.swift in Sources */ = {isa = PBXBuildFile; fileRef = E95384B81E2570370056FED3 /* LogOnVC.swift */; };
		E96ECBF51E4E104700B25C22 /* LoginOptionsVC.swift in Sources */ = {isa = PBXBuildFile; fileRef = E96ECBF41E4E104700B25C22 /* LoginOptionsVC.swift */; };
		E96ECBF71E4E23E400B25C22 /* EmailLogInVC.swift in Sources */ = {isa = PBXBuildFile; fileRef = E96ECBF61E4E23E400B25C22 /* EmailLogInVC.swift */; };
		E975D8FD1E252456005B0B39 /* AppDelegate.swift in Sources */ = {isa = PBXBuildFile; fileRef = E975D8FC1E252456005B0B39 /* AppDelegate.swift */; };
		E975D8FF1E252456005B0B39 /* MainVC.swift in Sources */ = {isa = PBXBuildFile; fileRef = E975D8FE1E252456005B0B39 /* MainVC.swift */; };
		E975D9071E252456005B0B39 /* Assets.xcassets in Resources */ = {isa = PBXBuildFile; fileRef = E975D9061E252456005B0B39 /* Assets.xcassets */; };
		E975D90A1E252456005B0B39 /* LaunchScreen.storyboard in Resources */ = {isa = PBXBuildFile; fileRef = E975D9081E252456005B0B39 /* LaunchScreen.storyboard */; };
		E975D9161E2528FD005B0B39 /* ListItemVC.swift in Sources */ = {isa = PBXBuildFile; fileRef = E975D9151E2528FD005B0B39 /* ListItemVC.swift */; };
		E975D9181E25293A005B0B39 /* DetailVC.swift in Sources */ = {isa = PBXBuildFile; fileRef = E975D9171E25293A005B0B39 /* DetailVC.swift */; };
		E99E77961E4E446900F525CF /* ResetPasswordVC.swift in Sources */ = {isa = PBXBuildFile; fileRef = E99E77951E4E446900F525CF /* ResetPasswordVC.swift */; };
		E99E77981E4E506100F525CF /* RegisterUserVC.swift in Sources */ = {isa = PBXBuildFile; fileRef = E99E77971E4E506100F525CF /* RegisterUserVC.swift */; };
/* End PBXBuildFile section */

/* Begin PBXFileReference section */
		0E8D4A91626ECC1A04E10387 /* Pods_Lister.framework */ = {isa = PBXFileReference; explicitFileType = wrapper.framework; includeInIndex = 0; path = Pods_Lister.framework; sourceTree = BUILT_PRODUCTS_DIR; };
		46AF9264ECB44348652ABE65 /* Pods-Lister.release.xcconfig */ = {isa = PBXFileReference; includeInIndex = 1; lastKnownFileType = text.xcconfig; name = "Pods-Lister.release.xcconfig"; path = "Pods/Target Support Files/Pods-Lister/Pods-Lister.release.xcconfig"; sourceTree = "<group>"; };
		A53485B7F1FC83BFD112DDFC /* Pods-Lister.debug.xcconfig */ = {isa = PBXFileReference; includeInIndex = 1; lastKnownFileType = text.xcconfig; name = "Pods-Lister.debug.xcconfig"; path = "Pods/Target Support Files/Pods-Lister/Pods-Lister.debug.xcconfig"; sourceTree = "<group>"; };
		E90796161E4D17CB00BD0C1D /* GoogleService-Info.plist */ = {isa = PBXFileReference; fileEncoding = 4; lastKnownFileType = text.plist.xml; path = "GoogleService-Info.plist"; sourceTree = "<group>"; };
		E907A86A1E539297001D1689 /* Main.storyboard */ = {isa = PBXFileReference; fileEncoding = 4; lastKnownFileType = file.storyboard; path = Main.storyboard; sourceTree = "<group>"; };
		E9198D301E5796A600818ACE /* Model.xcdatamodel */ = {isa = PBXFileReference; lastKnownFileType = wrapper.xcdatamodel; path = Model.xcdatamodel; sourceTree = "<group>"; };
		E934EBC61E50E772007D6A9C /* FirebaseUserService.swift */ = {isa = PBXFileReference; fileEncoding = 4; lastKnownFileType = sourcecode.swift; path = FirebaseUserService.swift; sourceTree = "<group>"; };
		E95384B81E2570370056FED3 /* LogOnVC.swift */ = {isa = PBXFileReference; fileEncoding = 4; lastKnownFileType = sourcecode.swift; path = LogOnVC.swift; sourceTree = "<group>"; };
		E96ECBF41E4E104700B25C22 /* LoginOptionsVC.swift */ = {isa = PBXFileReference; fileEncoding = 4; lastKnownFileType = sourcecode.swift; path = LoginOptionsVC.swift; sourceTree = "<group>"; };
		E96ECBF61E4E23E400B25C22 /* EmailLogInVC.swift */ = {isa = PBXFileReference; fileEncoding = 4; lastKnownFileType = sourcecode.swift; path = EmailLogInVC.swift; sourceTree = "<group>"; };
		E975D8F91E252456005B0B39 /* Lister.app */ = {isa = PBXFileReference; explicitFileType = wrapper.application; includeInIndex = 0; path = Lister.app; sourceTree = BUILT_PRODUCTS_DIR; };
		E975D8FC1E252456005B0B39 /* AppDelegate.swift */ = {isa = PBXFileReference; lastKnownFileType = sourcecode.swift; path = AppDelegate.swift; sourceTree = "<group>"; };
		E975D8FE1E252456005B0B39 /* MainVC.swift */ = {isa = PBXFileReference; lastKnownFileType = sourcecode.swift; path = MainVC.swift; sourceTree = "<group>"; };
		E975D9061E252456005B0B39 /* Assets.xcassets */ = {isa = PBXFileReference; lastKnownFileType = folder.assetcatalog; path = Assets.xcassets; sourceTree = "<group>"; };
		E975D9091E252456005B0B39 /* Base */ = {isa = PBXFileReference; lastKnownFileType = file.storyboard; name = Base; path = Base.lproj/LaunchScreen.storyboard; sourceTree = "<group>"; };
		E975D90B1E252456005B0B39 /* Info.plist */ = {isa = PBXFileReference; lastKnownFileType = text.plist.xml; path = Info.plist; sourceTree = "<group>"; };
		E975D9151E2528FD005B0B39 /* ListItemVC.swift */ = {isa = PBXFileReference; fileEncoding = 4; lastKnownFileType = sourcecode.swift; path = ListItemVC.swift; sourceTree = "<group>"; };
		E975D9171E25293A005B0B39 /* DetailVC.swift */ = {isa = PBXFileReference; fileEncoding = 4; lastKnownFileType = sourcecode.swift; path = DetailVC.swift; sourceTree = "<group>"; };
		E99E77951E4E446900F525CF /* ResetPasswordVC.swift */ = {isa = PBXFileReference; fileEncoding = 4; lastKnownFileType = sourcecode.swift; path = ResetPasswordVC.swift; sourceTree = "<group>"; };
		E99E77971E4E506100F525CF /* RegisterUserVC.swift */ = {isa = PBXFileReference; fileEncoding = 4; lastKnownFileType = sourcecode.swift; path = RegisterUserVC.swift; sourceTree = "<group>"; };
/* End PBXFileReference section */

/* Begin PBXFrameworksBuildPhase section */
		E975D8F61E252456005B0B39 /* Frameworks */ = {
			isa = PBXFrameworksBuildPhase;
			buildActionMask = 2147483647;
			files = (
				6B58AE262A09590F2669D170 /* Pods_Lister.framework in Frameworks */,
			);
			runOnlyForDeploymentPostprocessing = 0;
		};
/* End PBXFrameworksBuildPhase section */

/* Begin PBXGroup section */
		0EBC06EB70B5106892753E44 /* Frameworks */ = {
			isa = PBXGroup;
			children = (
				0E8D4A91626ECC1A04E10387 /* Pods_Lister.framework */,
			);
			name = Frameworks;
			sourceTree = "<group>";
		};
		98DB7244D487721BD8E85830 /* Pods */ = {
			isa = PBXGroup;
			children = (
				A53485B7F1FC83BFD112DDFC /* Pods-Lister.debug.xcconfig */,
				46AF9264ECB44348652ABE65 /* Pods-Lister.release.xcconfig */,
			);
			name = Pods;
			sourceTree = "<group>";
		};
		E934EBC81E514CB9007D6A9C /* Extension */ = {
			isa = PBXGroup;
			children = (
			);
			name = Extension;
			sourceTree = "<group>";
		};
		E975D8F01E252456005B0B39 = {
			isa = PBXGroup;
			children = (
				E975D8FB1E252456005B0B39 /* Lister */,
				E975D8FA1E252456005B0B39 /* Products */,
				98DB7244D487721BD8E85830 /* Pods */,
				0EBC06EB70B5106892753E44 /* Frameworks */,
			);
			sourceTree = "<group>";
		};
		E975D8FA1E252456005B0B39 /* Products */ = {
			isa = PBXGroup;
			children = (
				E975D8F91E252456005B0B39 /* Lister.app */,
			);
			name = Products;
			sourceTree = "<group>";
		};
		E975D8FB1E252456005B0B39 /* Lister */ = {
			isa = PBXGroup;
			children = (
				E934EBC81E514CB9007D6A9C /* Extension */,
				E975D9141E252666005B0B39 /* SupportingFiles */,
				E975D9131E252657005B0B39 /* Model */,
				E975D9121E25264B005B0B39 /* View */,
				E975D9111E252635005B0B39 /* Controller */,
				E975D8FC1E252456005B0B39 /* AppDelegate.swift */,
				E907A86A1E539297001D1689 /* Main.storyboard */,
				E975D9081E252456005B0B39 /* LaunchScreen.storyboard */,
			);
			path = Lister;
			sourceTree = "<group>";
		};
		E975D9111E252635005B0B39 /* Controller */ = {
			isa = PBXGroup;
			children = (
				E975D9151E2528FD005B0B39 /* ListItemVC.swift */,
				E975D8FE1E252456005B0B39 /* MainVC.swift */,
				E975D9171E25293A005B0B39 /* DetailVC.swift */,
				E95384B81E2570370056FED3 /* LogOnVC.swift */,
				E96ECBF41E4E104700B25C22 /* LoginOptionsVC.swift */,
				E96ECBF61E4E23E400B25C22 /* EmailLogInVC.swift */,
				E99E77951E4E446900F525CF /* ResetPasswordVC.swift */,
				E99E77971E4E506100F525CF /* RegisterUserVC.swift */,
			);
			name = Controller;
			sourceTree = "<group>";
		};
		E975D9121E25264B005B0B39 /* View */ = {
			isa = PBXGroup;
			children = (
			);
			name = View;
			sourceTree = "<group>";
		};
		E975D9131E252657005B0B39 /* Model */ = {
			isa = PBXGroup;
			children = (
				E934EBC61E50E772007D6A9C /* FirebaseUserService.swift */,
				E9198D2F1E5796A600818ACE /* Model.xcdatamodeld */,
			);
			name = Model;
			sourceTree = "<group>";
		};
		E975D9141E252666005B0B39 /* SupportingFiles */ = {
			isa = PBXGroup;
			children = (
				E975D90B1E252456005B0B39 /* Info.plist */,
				E90796161E4D17CB00BD0C1D /* GoogleService-Info.plist */,
				E975D9061E252456005B0B39 /* Assets.xcassets */,
			);
			name = SupportingFiles;
			sourceTree = "<group>";
		};
/* End PBXGroup section */

/* Begin PBXNativeTarget section */
		E975D8F81E252456005B0B39 /* Lister */ = {
			isa = PBXNativeTarget;
			buildConfigurationList = E975D90E1E252456005B0B39 /* Build configuration list for PBXNativeTarget "Lister" */;
			buildPhases = (
				29F89CA12AD05F8CB840E545 /* [CP] Check Pods Manifest.lock */,
				E975D8F51E252456005B0B39 /* Sources */,
				E975D8F61E252456005B0B39 /* Frameworks */,
				E975D8F71E252456005B0B39 /* Resources */,
				E89262703ECF617608633DA0 /* [CP] Embed Pods Frameworks */,
				5966ED0482F0CDC57763AC3F /* [CP] Copy Pods Resources */,
			);
			buildRules = (
			);
			dependencies = (
			);
			name = Lister;
			productName = Lister;
			productReference = E975D8F91E252456005B0B39 /* Lister.app */;
			productType = "com.apple.product-type.application";
		};
/* End PBXNativeTarget section */

/* Begin PBXProject section */
		E975D8F11E252456005B0B39 /* Project object */ = {
			isa = PBXProject;
			attributes = {
				LastSwiftUpdateCheck = 0820;
				LastUpgradeCheck = 0820;
				ORGANIZATIONNAME = "Christopher Todd Heins";
				TargetAttributes = {
					E975D8F81E252456005B0B39 = {
						CreatedOnToolsVersion = 8.2.1;
						DevelopmentTeam = E9JK8NTEP9;
						ProvisioningStyle = Automatic;
					};
				};
			};
			buildConfigurationList = E975D8F41E252456005B0B39 /* Build configuration list for PBXProject "Lister" */;
			compatibilityVersion = "Xcode 3.2";
			developmentRegion = English;
			hasScannedForEncodings = 0;
			knownRegions = (
				en,
				Base,
			);
			mainGroup = E975D8F01E252456005B0B39;
			productRefGroup = E975D8FA1E252456005B0B39 /* Products */;
			projectDirPath = "";
			projectRoot = "";
			targets = (
				E975D8F81E252456005B0B39 /* Lister */,
			);
		};
/* End PBXProject section */

/* Begin PBXResourcesBuildPhase section */
		E975D8F71E252456005B0B39 /* Resources */ = {
			isa = PBXResourcesBuildPhase;
			buildActionMask = 2147483647;
			files = (
				E975D90A1E252456005B0B39 /* LaunchScreen.storyboard in Resources */,
				E90796171E4D17CB00BD0C1D /* GoogleService-Info.plist in Resources */,
				E975D9071E252456005B0B39 /* Assets.xcassets in Resources */,
				E907A86B1E539297001D1689 /* Main.storyboard in Resources */,
			);
			runOnlyForDeploymentPostprocessing = 0;
		};
/* End PBXResourcesBuildPhase section */

/* Begin PBXShellScriptBuildPhase section */
		29F89CA12AD05F8CB840E545 /* [CP] Check Pods Manifest.lock */ = {
			isa = PBXShellScriptBuildPhase;
			buildActionMask = 2147483647;
			files = (
			);
			inputPaths = (
			);
			name = "[CP] Check Pods Manifest.lock";
			outputPaths = (
			);
			runOnlyForDeploymentPostprocessing = 0;
			shellPath = /bin/sh;
			shellScript = "diff \"${PODS_ROOT}/../Podfile.lock\" \"${PODS_ROOT}/Manifest.lock\" > /dev/null\nif [ $? != 0 ] ; then\n    # print error to STDERR\n    echo \"error: The sandbox is not in sync with the Podfile.lock. Run 'pod install' or update your CocoaPods installation.\" >&2\n    exit 1\nfi\n";
			showEnvVarsInLog = 0;
		};
		5966ED0482F0CDC57763AC3F /* [CP] Copy Pods Resources */ = {
			isa = PBXShellScriptBuildPhase;
			buildActionMask = 2147483647;
			files = (
			);
			inputPaths = (
			);
			name = "[CP] Copy Pods Resources";
			outputPaths = (
			);
			runOnlyForDeploymentPostprocessing = 0;
			shellPath = /bin/sh;
			shellScript = "\"${SRCROOT}/Pods/Target Support Files/Pods-Lister/Pods-Lister-resources.sh\"\n";
			showEnvVarsInLog = 0;
		};
		E89262703ECF617608633DA0 /* [CP] Embed Pods Frameworks */ = {
			isa = PBXShellScriptBuildPhase;
			buildActionMask = 2147483647;
			files = (
			);
			inputPaths = (
			);
			name = "[CP] Embed Pods Frameworks";
			outputPaths = (
			);
			runOnlyForDeploymentPostprocessing = 0;
			shellPath = /bin/sh;
			shellScript = "\"${SRCROOT}/Pods/Target Support Files/Pods-Lister/Pods-Lister-frameworks.sh\"\n";
			showEnvVarsInLog = 0;
		};
/* End PBXShellScriptBuildPhase section */

/* Begin PBXSourcesBuildPhase section */
		E975D8F51E252456005B0B39 /* Sources */ = {
			isa = PBXSourcesBuildPhase;
			buildActionMask = 2147483647;
			files = (
				E99E77981E4E506100F525CF /* RegisterUserVC.swift in Sources */,
				E975D9181E25293A005B0B39 /* DetailVC.swift in Sources */,
				E96ECBF71E4E23E400B25C22 /* EmailLogInVC.swift in Sources */,
				E95384B91E2570370056FED3 /* LogOnVC.swift in Sources */,
				E975D8FF1E252456005B0B39 /* MainVC.swift in Sources */,
				E96ECBF51E4E104700B25C22 /* LoginOptionsVC.swift in Sources */,
				E99E77961E4E446900F525CF /* ResetPasswordVC.swift in Sources */,
				E934EBC71E50E772007D6A9C /* FirebaseUserService.swift in Sources */,
				E975D8FD1E252456005B0B39 /* AppDelegate.swift in Sources */,
				E9198D311E5796A600818ACE /* Model.xcdatamodeld in Sources */,
				E975D9161E2528FD005B0B39 /* ListItemVC.swift in Sources */,
			);
			runOnlyForDeploymentPostprocessing = 0;
		};
/* End PBXSourcesBuildPhase section */

/* Begin PBXVariantGroup section */
		E975D9081E252456005B0B39 /* LaunchScreen.storyboard */ = {
			isa = PBXVariantGroup;
			children = (
				E975D9091E252456005B0B39 /* Base */,
			);
			name = LaunchScreen.storyboard;
			sourceTree = "<group>";
		};
/* End PBXVariantGroup section */

/* Begin XCBuildConfiguration section */
		E975D90C1E252456005B0B39 /* Debug */ = {
			isa = XCBuildConfiguration;
			buildSettings = {
				ALWAYS_SEARCH_USER_PATHS = NO;
				CLANG_ANALYZER_NONNULL = YES;
				CLANG_CXX_LANGUAGE_STANDARD = "gnu++0x";
				CLANG_CXX_LIBRARY = "libc++";
				CLANG_ENABLE_MODULES = YES;
				CLANG_ENABLE_OBJC_ARC = YES;
				CLANG_WARN_BOOL_CONVERSION = YES;
				CLANG_WARN_CONSTANT_CONVERSION = YES;
				CLANG_WARN_DIRECT_OBJC_ISA_USAGE = YES_ERROR;
				CLANG_WARN_DOCUMENTATION_COMMENTS = YES;
				CLANG_WARN_EMPTY_BODY = YES;
				CLANG_WARN_ENUM_CONVERSION = YES;
				CLANG_WARN_INFINITE_RECURSION = YES;
				CLANG_WARN_INT_CONVERSION = YES;
				CLANG_WARN_OBJC_ROOT_CLASS = YES_ERROR;
				CLANG_WARN_SUSPICIOUS_MOVE = YES;
				CLANG_WARN_UNREACHABLE_CODE = YES;
				CLANG_WARN__DUPLICATE_METHOD_MATCH = YES;
				"CODE_SIGN_IDENTITY[sdk=iphoneos*]" = "iPhone Developer";
				COPY_PHASE_STRIP = NO;
				DEBUG_INFORMATION_FORMAT = dwarf;
				ENABLE_STRICT_OBJC_MSGSEND = YES;
				ENABLE_TESTABILITY = YES;
				GCC_C_LANGUAGE_STANDARD = gnu99;
				GCC_DYNAMIC_NO_PIC = NO;
				GCC_NO_COMMON_BLOCKS = YES;
				GCC_OPTIMIZATION_LEVEL = 0;
				GCC_PREPROCESSOR_DEFINITIONS = (
					"DEBUG=1",
					"$(inherited)",
				);
				GCC_WARN_64_TO_32_BIT_CONVERSION = YES;
				GCC_WARN_ABOUT_RETURN_TYPE = YES_ERROR;
				GCC_WARN_UNDECLARED_SELECTOR = YES;
				GCC_WARN_UNINITIALIZED_AUTOS = YES_AGGRESSIVE;
				GCC_WARN_UNUSED_FUNCTION = YES;
				GCC_WARN_UNUSED_VARIABLE = YES;
				IPHONEOS_DEPLOYMENT_TARGET = 10.2;
				MTL_ENABLE_DEBUG_INFO = YES;
				ONLY_ACTIVE_ARCH = YES;
				SDKROOT = iphoneos;
				SWIFT_ACTIVE_COMPILATION_CONDITIONS = DEBUG;
				SWIFT_OPTIMIZATION_LEVEL = "-Onone";
				TARGETED_DEVICE_FAMILY = "1,2";
			};
			name = Debug;
		};
		E975D90D1E252456005B0B39 /* Release */ = {
			isa = XCBuildConfiguration;
			buildSettings = {
				ALWAYS_SEARCH_USER_PATHS = NO;
				CLANG_ANALYZER_NONNULL = YES;
				CLANG_CXX_LANGUAGE_STANDARD = "gnu++0x";
				CLANG_CXX_LIBRARY = "libc++";
				CLANG_ENABLE_MODULES = YES;
				CLANG_ENABLE_OBJC_ARC = YES;
				CLANG_WARN_BOOL_CONVERSION = YES;
				CLANG_WARN_CONSTANT_CONVERSION = YES;
				CLANG_WARN_DIRECT_OBJC_ISA_USAGE = YES_ERROR;
				CLANG_WARN_DOCUMENTATION_COMMENTS = YES;
				CLANG_WARN_EMPTY_BODY = YES;
				CLANG_WARN_ENUM_CONVERSION = YES;
				CLANG_WARN_INFINITE_RECURSION = YES;
				CLANG_WARN_INT_CONVERSION = YES;
				CLANG_WARN_OBJC_ROOT_CLASS = YES_ERROR;
				CLANG_WARN_SUSPICIOUS_MOVE = YES;
				CLANG_WARN_UNREACHABLE_CODE = YES;
				CLANG_WARN__DUPLICATE_METHOD_MATCH = YES;
				"CODE_SIGN_IDENTITY[sdk=iphoneos*]" = "iPhone Developer";
				COPY_PHASE_STRIP = NO;
				DEBUG_INFORMATION_FORMAT = "dwarf-with-dsym";
				ENABLE_NS_ASSERTIONS = NO;
				ENABLE_STRICT_OBJC_MSGSEND = YES;
				GCC_C_LANGUAGE_STANDARD = gnu99;
				GCC_NO_COMMON_BLOCKS = YES;
				GCC_WARN_64_TO_32_BIT_CONVERSION = YES;
				GCC_WARN_ABOUT_RETURN_TYPE = YES_ERROR;
				GCC_WARN_UNDECLARED_SELECTOR = YES;
				GCC_WARN_UNINITIALIZED_AUTOS = YES_AGGRESSIVE;
				GCC_WARN_UNUSED_FUNCTION = YES;
				GCC_WARN_UNUSED_VARIABLE = YES;
				IPHONEOS_DEPLOYMENT_TARGET = 10.2;
				MTL_ENABLE_DEBUG_INFO = NO;
				SDKROOT = iphoneos;
				SWIFT_OPTIMIZATION_LEVEL = "-Owholemodule";
				TARGETED_DEVICE_FAMILY = "1,2";
				VALIDATE_PRODUCT = YES;
			};
			name = Release;
		};
		E975D90F1E252456005B0B39 /* Debug */ = {
			isa = XCBuildConfiguration;
			baseConfigurationReference = A53485B7F1FC83BFD112DDFC /* Pods-Lister.debug.xcconfig */;
			buildSettings = {
				ASSETCATALOG_COMPILER_APPICON_NAME = AppIcon;
				DEVELOPMENT_TEAM = E9JK8NTEP9;
				INFOPLIST_FILE = Lister/Info.plist;
				LD_RUNPATH_SEARCH_PATHS = "$(inherited) @executable_path/Frameworks";
				PRODUCT_BUNDLE_IDENTIFIER = com.toddheins.Lister;
				PRODUCT_NAME = "$(TARGET_NAME)";
				SWIFT_VERSION = 3.0;
			};
			name = Debug;
		};
		E975D9101E252456005B0B39 /* Release */ = {
			isa = XCBuildConfiguration;
			baseConfigurationReference = 46AF9264ECB44348652ABE65 /* Pods-Lister.release.xcconfig */;
			buildSettings = {
				ASSETCATALOG_COMPILER_APPICON_NAME = AppIcon;
				DEVELOPMENT_TEAM = E9JK8NTEP9;
				INFOPLIST_FILE = Lister/Info.plist;
				LD_RUNPATH_SEARCH_PATHS = "$(inherited) @executable_path/Frameworks";
				PRODUCT_BUNDLE_IDENTIFIER = com.toddheins.Lister;
				PRODUCT_NAME = "$(TARGET_NAME)";
				SWIFT_VERSION = 3.0;
			};
			name = Release;
		};
/* End XCBuildConfiguration section */

/* Begin XCConfigurationList section */
		E975D8F41E252456005B0B39 /* Build configuration list for PBXProject "Lister" */ = {
			isa = XCConfigurationList;
			buildConfigurations = (
				E975D90C1E252456005B0B39 /* Debug */,
				E975D90D1E252456005B0B39 /* Release */,
			);
			defaultConfigurationIsVisible = 0;
			defaultConfigurationName = Release;
		};
		E975D90E1E252456005B0B39 /* Build configuration list for PBXNativeTarget "Lister" */ = {
			isa = XCConfigurationList;
			buildConfigurations = (
				E975D90F1E252456005B0B39 /* Debug */,
				E975D9101E252456005B0B39 /* Release */,
			);
			defaultConfigurationIsVisible = 0;
			defaultConfigurationName = Release;
		};
/* End XCConfigurationList section */

/* Begin XCVersionGroup section */
		E9198D2F1E5796A600818ACE /* Model.xcdatamodeld */ = {
			isa = XCVersionGroup;
			children = (
				E9198D301E5796A600818ACE /* Model.xcdatamodel */,
			);
			currentVersion = E9198D301E5796A600818ACE /* Model.xcdatamodel */;
			path = Model.xcdatamodeld;
			sourceTree = "<group>";
			versionGroupType = wrapper.xcdatamodel;
		};
/* End XCVersionGroup section */
	};
	rootObject = E975D8F11E252456005B0B39 /* Project object */;
}
